
Microsoft Visual Studio Solution File, Format Version 12.00
# Visual Studio Version 16
VisualStudioVersion = 16.0.29509.3
MinimumVisualStudioVersion = 10.0.40219.1
Project("{8BC9CEB8-8B4A-11D0-8D11-00A0C91BC942}") = "RPGame", "RPGame\RPGame.vcxproj", "{FD54841E-1E5B-4AB8-BF70-98F0C31FD555}"
EndProject
Global
	GlobalSection(SolutionConfigurationPlatforms) = preSolution
		Debug|x64 = Debug|x64
		Debug|x86 = Debug|x86
		Release|x64 = Release|x64
		Release|x86 = Release|x86
	EndGlobalSection
	GlobalSection(ProjectConfigurationPlatforms) = postSolution
		{FD54841E-1E5B-4AB8-BF70-98F0C31FD555}.Debug|x64.ActiveCfg = Debug|x64
		{FD54841E-1E5B-4AB8-BF70-98F0C31FD555}.Debug|x64.Build.0 = Debug|x64
		{FD54841E-1E5B-4AB8-BF70-98F0C31FD555}.Debug|x86.ActiveCfg = Debug|Win32
		{FD54841E-1E5B-4AB8-BF70-98F0C31FD555}.Debug|x86.Build.0 = Debug|Win32
		{FD54841E-1E5B-4AB8-BF70-98F0C31FD555}.Release|x64.ActiveCfg = Release|x64
		{FD54841E-1E5B-4AB8-BF70-98F0C31FD555}.Release|x64.Build.0 = Release|x64
		{FD54841E-1E5B-4AB8-BF70-98F0C31FD555}.Release|x86.ActiveCfg = Release|Win32
		{FD54841E-1E5B-4AB8-BF70-98F0C31FD555}.Release|x86.Build.0 = Release|Win32
	EndGlobalSection
	GlobalSection(SolutionProperties) = preSolution
		HideSolutionNode = FALSE
	EndGlobalSection
	GlobalSection(ExtensibilityGlobals) = postSolution
		SolutionGuid = {28C0C633-951B-4F67-9DEC-C9E7CB97AD33}
	EndGlobalSection
EndGlobal
